# THIS IS AN AUTOGENERATED FILE. DO NOT EDIT THIS FILE DIRECTLY.
# yarn lockfile v1


"@oven/bun-darwin-aarch64@1.4.0":
  version "1.4.0"
  resolved "https://registry.yarnpkg.com/@oven/bun-darwin-aarch64/-/bun-darwin-aarch64-1.4.0.tgz#627fb1a1dc49ad800d0791ee9abf7e6c43761acf"
  integrity sha512-GCpf8QuFLsyioVawP5HrMxA1ZRBlu6Hq9RNnSc3UTUWAzIxBso9trjoZczw1HdgpqSssFkszfIV2zmOzFTjhkw==

"@oven/bun-darwin-x64@1.4.0":
  version "1.4.0"
  resolved "https://registry.yarnpkg.com/@oven/bun-darwin-x64/-/bun-darwin-x64-1.4.0.tgz#d0c49ca7f5820607a7ee446323b4e0c96fe4bb4e"
  integrity sha512-cIrhwOr0SPEraewznhC+c/k6TG8bwFn5uZ4EJuXwjiKJLcAF36q7/bGjWkeXSe48JwMcPRUR054JXF7+cRwSSA==

"@oven/bun-freebsd-aarch64@1.4.0":
  version "1.4.0"
  resolved "https://registry.yarnpkg.com/@oven/bun-freebsd-aarch64/-/bun-freebsd-aarch64-1.4.0.tgz#0d916a32002b84de663e1a2954c5075e8a1a2590"
  integrity sha512-09x7wnjMR6M5KGBDBhVl2CpfoCIQOkVDbPX2KfIhpXv4N6grbWE7dfLPw/Ydi9gaUMGhU7UKhoz444Nu6RCycA==

"@oven/bun-freebsd-x64@1.4.0":
  version "1.4.0"
  resolved "https://registry.yarnpkg.com/@oven/bun-freebsd-x64/-/bun-freebsd-x64-1.4.0.tgz#c3ebd9b8c0bc639d56f4352207eb199c371ae386"
  integrity sha512-dRwzti/qJqV1HWplU27iUWUqp+f2DtFSf2yqQKSb+HH2dDOC//Uqd9u/A5h1DMsLszfP5OGP9UwQIKxVwFODaA==

"@oven/bun-linux-aarch64-android@1.4.0":
  version "1.4.0"
  resolved "https://registry.yarnpkg.com/@oven/bun-linux-aarch64-android/-/bun-linux-aarch64-android-1.4.0.tgz#1057945f85f3f1c99f0e4e26445bce3a8f890cd8"
  integrity sha512-HpPIxJfDNPBPhiBNMyZoo/dOLijARfsx5j72vNuLtaTvl0Hh7HUculxjsOQ2WSyGoCgqXMEr1Qqjab1im9u1RA==

"@oven/bun-linux-aarch64-musl@1.4.0":
  version "1.4.0"
  resolved "https://registry.yarnpkg.com/@oven/bun-linux-aarch64-musl/-/bun-linux-aarch64-musl-1.4.0.tgz#8ab569cceb48bac5a2dc93d0f3fae68772441b1f"
  integrity sha512-RUjAAkJ/CdNV++zVxyANWshPc73CECYsfhk0fWAkoJjtywxJ2BwXzI6nopBBDMfs0HS+fhRGn6zGwU8ccxLeJg==

"@oven/bun-linux-aarch64@1.4.0":
  version "1.4.0"
  resolved "https://registry.yarnpkg.com/@oven/bun-linux-aarch64/-/bun-linux-aarch64-1.4.0.tgz#521aa7b6ab4a00e26b0516415dabdec6d148b24a"
  integrity sha512-Y5yAtCbHK6JjprXEtkdklDQFPADgs+CkfcliyY5g4JJ8baGHyQSrfpSkX3XVJ2C+aBLsdwNDdW+oczMsAwx6uA==

"@oven/bun-linux-x64-android@1.4.0":
  version "1.4.0"
  resolved "https://registry.yarnpkg.com/@oven/bun-linux-x64-android/-/bun-linux-x64-android-1.4.0.tgz#1fbd9724667115fa26512c8b1c78902900cc95e0"
  integrity sha512-u++KyLlfMn36yWz+AgJs+fZtS46UFDNpSSZhrcitkytONtNwq0X6Q9BDVEFXxYl/+Eec0xme1rb6MgW+U35WeA==

"@oven/bun-linux-x64-musl@1.4.0":
  version "1.4.0"
  resolved "https://registry.yarnpkg.com/@oven/bun-linux-x64-musl/-/bun-linux-x64-musl-1.4.0.tgz#c910c6387b47a1ca3c40221f5aed65c8c1c8920b"
  integrity sha512-C1Dv+ISL8YKEKM9jAHzNifOcRUoziy6UMxh+yVXjUCP6QnbRhENDHLaIWWkQZJyBLTn0I3xozflorAlHiGzGqA==

"@oven/bun-linux-x64@1.4.0":
  version "1.4.0"
  resolved "https://registry.yarnpkg.com/@oven/bun-linux-x64/-/bun-linux-x64-1.4.0.tgz#a0a0c9dba8ffa5cafb0cf44efafd59a261462020"
  integrity sha512-Du44zebtPXJujvMLmtIxEQ6ykOhYt7L/Q+YIGVm+Yy+Pj/fpOnq60ggwIpKp/pGAFbYHNiTrA3JTjuZ9MTbZIg==

"@oven/bun-windows-aarch64@1.4.0":
  version "1.4.0"
  resolved "https://registry.yarnpkg.com/@oven/bun-windows-aarch64/-/bun-windows-aarch64-1.4.0.tgz#7dd8b06154c810d883a227eff9569682d5e57845"
  integrity sha512-FBAYaQpJBP0asgqzL6NFUfjdQqsV+kvTpJ/eWxPKj+RcDgIfPSuE8kvQuPYu5pa8u8JTujYMjmuyvHxVuQsInA==

"@oven/bun-windows-x64@1.4.0":
  version "1.4.0"
  resolved "https://registry.yarnpkg.com/@oven/bun-windows-x64/-/bun-windows-x64-1.4.0.tgz#d5eea2914a59aeb7a7b1d22cdf0aba617c10ad69"
  integrity sha512-jRKv1NPLznMSZY5BEWciMF7zv0Tiyo2pQSxAJ3w+YWJ6y3VWNJQQQdLlV5Jx8lbOFDrJdrc9dD3GV17k3BP41A==

bun@1.4.0:
  version "1.4.0"
  resolved "https://registry.yarnpkg.com/bun/-/bun-1.4.0.tgz#e2b68e3750d7feed6ddfdb119958a553b617f73f"
  integrity sha512-iRiFkc2W7UVpCyZXO9tod45TP9QCyN19fWqbpeN/jaM/K7uzeHYx/OSPsahMJazGKBgPsnxRt+4Jc43d8BcHZw==
  optionalDependencies:
    "@oven/bun-darwin-aarch64" "1.4.0"
    "@oven/bun-darwin-x64" "1.4.0"
    "@oven/bun-freebsd-aarch64" "1.4.0"
    "@oven/bun-freebsd-x64" "1.4.0"
    "@oven/bun-linux-aarch64" "1.4.0"
    "@oven/bun-linux-aarch64-android" "1.4.0"
    "@oven/bun-linux-aarch64-musl" "1.4.0"
    "@oven/bun-linux-x64" "1.4.0"
    "@oven/bun-linux-x64-android" "1.4.0"
    "@oven/bun-linux-x64-musl" "1.4.0"
    "@oven/bun-windows-aarch64" "1.4.0"
    "@oven/bun-windows-x64" "1.4.0"

fsevents@2.3.2:
  version "2.3.2"
  resolved "https://registry.yarnpkg.com/fsevents/-/fsevents-2.3.2.tgz#8a526f78b8fdf4623b709e0b975c52c24c02fd1a"
  integrity sha512-xiqMQR4xAeHTuB9uWm+fFRcIOgKBMiOBP+eXiyT7jsgVCq1bkVygt00oASowB7EdtpOHaaPgKt812P9ab+DDKA==

playwright-core@1.62.1:
  version "1.62.1"
  resolved "https://registry.yarnpkg.com/playwright-core/-/playwright-core-1.62.1.tgz#120f67a19181bfd183c60fa903c0d99330b56785"
  integrity sha512-wPYSwEBJY9GHraISXqyqtx0na0LpO3XEX7jNDhntbex7tzUS7kLnZsOlFruFJB4Hi/rhDMjXGqHewDZ68nYZVw==

playwright@^1.62.1:
  version "1.62.1"
  resolved "https://registry.yarnpkg.com/playwright/-/playwright-1.62.1.tgz#8447b6755e8aec85a3cb7207c823e3ed2fc66700"
  integrity sha512-0M+L3LAD8/nm554LOla9Ayx0j0tmFZ0FBcoQ7F1VuVHpM/XpiC8RcDzBQB8W5+hA8L22THxELzeF+2WcUzvcLg==
  dependencies:
    playwright-core "1.62.1"
  optionalDependencies:
    fsevents "2.3.2"
